
Microsoft Visual Studio Solution File, Format Version 12.00
# Visual Studio Version 16
VisualStudioVersion = 16.0.31727.386
MinimumVisualStudioVersion = 10.0.40219.1
Project("{FAE04EC0-301F-11D3-BF4B-00C04F79EFBC}") = "SCMKit", "SCMKit\SCMKit.csproj", "{266C644A-69B1-426B-A47C-1CF32B211F80}"
EndProject
Global
	GlobalSection(SolutionConfigurationPlatforms) = preSolution
		Debug|Any CPU = Debug|Any CPU
		Release|Any CPU = Release|Any CPU
	EndGlobalSection
	GlobalSection(ProjectConfigurationPlatforms) = postSolution
		{266C644A-69B1-426B-A47C-1CF32B211F80}.Debug|Any CPU.ActiveCfg = Debug|Any CPU
		{266C644A-69B1-426B-A47C-1CF32B211F80}.Debug|Any CPU.Build.0 = Debug|Any CPU
		{266C644A-69B1-426B-A47C-1CF32B211F80}.Release|Any CPU.ActiveCfg = Release|Any CPU
		{266C644A-69B1-426B-A47C-1CF32B211F80}.Release|Any CPU.Build.0 = Release|Any CPU
	EndGlobalSection
	GlobalSection(SolutionProperties) = preSolution
		HideSolutionNode = FALSE
	EndGlobalSection
	GlobalSection(ExtensibilityGlobals) = postSolution
		SolutionGuid = {F7FA0DD4-D75B-4F67-91D1-A7019B776721}
	EndGlobalSection
EndGlobal
